
Microsoft Visual Studio Solution File, Format Version 12.00
# Visual Studio Version 17
VisualStudioVersion = 17.5.002.0
MinimumVisualStudioVersion = 10.0.40219.1
Project("{9A19103F-16F7-4668-BE54-9A1E7A4F7556}") = "Gruda.RagBot.Host", "Gruda.RagBot.Host.csproj", "{5E507491-6E26-489D-AB5F-DCF4C1095913}"
EndProject
Global
	GlobalSection(SolutionConfigurationPlatforms) = preSolution
		Debug|Any CPU = Debug|Any CPU
		Release|Any CPU = Release|Any CPU
	EndGlobalSection
	GlobalSection(ProjectConfigurationPlatforms) = postSolution
		{5E507491-6E26-489D-AB5F-DCF4C1095913}.Debug|Any CPU.ActiveCfg = Debug|Any CPU
		{5E507491-6E26-489D-AB5F-DCF4C1095913}.Debug|Any CPU.Build.0 = Debug|Any CPU
		{5E507491-6E26-489D-AB5F-DCF4C1095913}.Release|Any CPU.ActiveCfg = Release|Any CPU
		{5E507491-6E26-489D-AB5F-DCF4C1095913}.Release|Any CPU.Build.0 = Release|Any CPU
	EndGlobalSection
	GlobalSection(SolutionProperties) = preSolution
		HideSolutionNode = FALSE
	EndGlobalSection
	GlobalSection(ExtensibilityGlobals) = postSolution
		SolutionGuid = {3C8C0EB2-37FE-47AF-9DCC-279DA5052089}
	EndGlobalSection
EndGlobal
